
Microsoft Visual Studio Solution File, Format Version 12.00
# Visual Studio Version 17
VisualStudioVersion = 17.3.32901.215
MinimumVisualStudioVersion = 10.0.40219.1
Project("{9A19103F-16F7-4668-BE54-9A1E7A4F7556}") = "BookStore", "BookStore\BookStore.csproj", "{F6E4CF12-CCFF-4A33-AB26-782E434F6AE4}"
EndProject
Project("{9A19103F-16F7-4668-BE54-9A1E7A4F7556}") = "BookStore.Models", "BookStore.Models\BookStore.Models.csproj", "{F4D6D262-944F-48C0-884A-3C02574DE215}"
EndProject
Project("{9A19103F-16F7-4668-BE54-9A1E7A4F7556}") = "OnlineBookstore.DL", "OnlineBookstore.DL\OnlineBookstore.DL.csproj", "{DC054DB2-D88D-4A51-9085-1B0369F57E8F}"
EndProject
Project("{9A19103F-16F7-4668-BE54-9A1E7A4F7556}") = "BookStore.BL", "BookStore.BL\BookStore.BL.csproj", "{C17DEC33-004E-4EB1-B537-5BD4398E9F52}"
EndProject
Project("{FAE04EC0-301F-11D3-BF4B-00C04F79EFBC}") = "BookStore.Test", "BookStore.Test\BookStore.Test.csproj", "{A31C1805-B11F-4A77-8579-CC426633B8AE}"
EndProject
Global
	GlobalSection(SolutionConfigurationPlatforms) = preSolution
		Debug|Any CPU = Debug|Any CPU
		Release|Any CPU = Release|Any CPU
	EndGlobalSection
	GlobalSection(ProjectConfigurationPlatforms) = postSolution
		{F6E4CF12-CCFF-4A33-AB26-782E434F6AE4}.Debug|Any CPU.ActiveCfg = Debug|Any CPU
		{F6E4CF12-CCFF-4A33-AB26-782E434F6AE4}.Debug|Any CPU.Build.0 = Debug|Any CPU
		{F6E4CF12-CCFF-4A33-AB26-782E434F6AE4}.Release|Any CPU.ActiveCfg = Release|Any CPU
		{F6E4CF12-CCFF-4A33-AB26-782E434F6AE4}.Release|Any CPU.Build.0 = Release|Any CPU
		{F4D6D262-944F-48C0-884A-3C02574DE215}.Debug|Any CPU.ActiveCfg = Debug|Any CPU
		{F4D6D262-944F-48C0-884A-3C02574DE215}.Debug|Any CPU.Build.0 = Debug|Any CPU
		{F4D6D262-944F-48C0-884A-3C02574DE215}.Release|Any CPU.ActiveCfg = Release|Any CPU
		{F4D6D262-944F-48C0-884A-3C02574DE215}.Release|Any CPU.Build.0 = Release|Any CPU
		{DC054DB2-D88D-4A51-9085-1B0369F57E8F}.Debug|Any CPU.ActiveCfg = Debug|Any CPU
		{DC054DB2-D88D-4A51-9085-1B0369F57E8F}.Debug|Any CPU.Build.0 = Debug|Any CPU
		{DC054DB2-D88D-4A51-9085-1B0369F57E8F}.Release|Any CPU.ActiveCfg = Release|Any CPU
		{DC054DB2-D88D-4A51-9085-1B0369F57E8F}.Release|Any CPU.Build.0 = Release|Any CPU
		{C17DEC33-004E-4EB1-B537-5BD4398E9F52}.Debug|Any CPU.ActiveCfg = Debug|Any CPU
		{C17DEC33-004E-4EB1-B537-5BD4398E9F52}.Debug|Any CPU.Build.0 = Debug|Any CPU
		{C17DEC33-004E-4EB1-B537-5BD4398E9F52}.Release|Any CPU.ActiveCfg = Release|Any CPU
		{C17DEC33-004E-4EB1-B537-5BD4398E9F52}.Release|Any CPU.Build.0 = Release|Any CPU
		{A31C1805-B11F-4A77-8579-CC426633B8AE}.Debug|Any CPU.ActiveCfg = Debug|Any CPU
		{A31C1805-B11F-4A77-8579-CC426633B8AE}.Debug|Any CPU.Build.0 = Debug|Any CPU
		{A31C1805-B11F-4A77-8579-CC426633B8AE}.Release|Any CPU.ActiveCfg = Release|Any CPU
		{A31C1805-B11F-4A77-8579-CC426633B8AE}.Release|Any CPU.Build.0 = Release|Any CPU
	EndGlobalSection
	GlobalSection(SolutionProperties) = preSolution
		HideSolutionNode = FALSE
	EndGlobalSection
	GlobalSection(ExtensibilityGlobals) = postSolution
		SolutionGuid = {7E1A1C93-4006-4DFE-B662-9BE18A2DE9D2}
	EndGlobalSection
EndGlobal
